
Microsoft Visual Studio Solution File, Format Version 12.00
# Visual Studio Version 17
VisualStudioVersion = 17.5.33502.453
MinimumVisualStudioVersion = 10.0.40219.1
Project("{FAE04EC0-301F-11D3-BF4B-00C04F79EFBC}") = "korttipakka", "korttipakka\korttipakka.csproj", "{931A81C5-AAB9-4295-A92D-DF5AB7A39488}"
EndProject
Global
	GlobalSection(SolutionConfigurationPlatforms) = preSolution
		Debug|Any CPU = Debug|Any CPU
		Release|Any CPU = Release|Any CPU
	EndGlobalSection
	GlobalSection(ProjectConfigurationPlatforms) = postSolution
		{931A81C5-AAB9-4295-A92D-DF5AB7A39488}.Debug|Any CPU.ActiveCfg = Debug|Any CPU
		{931A81C5-AAB9-4295-A92D-DF5AB7A39488}.Debug|Any CPU.Build.0 = Debug|Any CPU
		{931A81C5-AAB9-4295-A92D-DF5AB7A39488}.Release|Any CPU.ActiveCfg = Release|Any CPU
		{931A81C5-AAB9-4295-A92D-DF5AB7A39488}.Release|Any CPU.Build.0 = Release|Any CPU
	EndGlobalSection
	GlobalSection(SolutionProperties) = preSolution
		HideSolutionNode = FALSE
	EndGlobalSection
	GlobalSection(ExtensibilityGlobals) = postSolution
		SolutionGuid = {CF0BF842-ABD9-4301-B65D-621CB9ED83F3}
	EndGlobalSection
EndGlobal
