
Microsoft Visual Studio Solution File, Format Version 12.00
# Visual Studio Version 16
VisualStudioVersion = 16.0.32929.386
MinimumVisualStudioVersion = 10.0.40219.1
Project("{FAE04EC0-301F-11D3-BF4B-00C04F79EFBC}") = "PomoJaTyönTekijä", "PomoJaTyönTekijä\PomoJaTyönTekijä.csproj", "{F258EF97-B25F-492F-B7B9-D2C7AF230F19}"
EndProject
Global
	GlobalSection(SolutionConfigurationPlatforms) = preSolution
		Debug|Any CPU = Debug|Any CPU
		Release|Any CPU = Release|Any CPU
	EndGlobalSection
	GlobalSection(ProjectConfigurationPlatforms) = postSolution
		{F258EF97-B25F-492F-B7B9-D2C7AF230F19}.Debug|Any CPU.ActiveCfg = Debug|Any CPU
		{F258EF97-B25F-492F-B7B9-D2C7AF230F19}.Debug|Any CPU.Build.0 = Debug|Any CPU
		{F258EF97-B25F-492F-B7B9-D2C7AF230F19}.Release|Any CPU.ActiveCfg = Release|Any CPU
		{F258EF97-B25F-492F-B7B9-D2C7AF230F19}.Release|Any CPU.Build.0 = Release|Any CPU
	EndGlobalSection
	GlobalSection(SolutionProperties) = preSolution
		HideSolutionNode = FALSE
	EndGlobalSection
	GlobalSection(ExtensibilityGlobals) = postSolution
		SolutionGuid = {B5853DB6-93D5-4485-AC81-2D1CFF27F35E}
	EndGlobalSection
EndGlobal
